
Microsoft Visual Studio Solution File, Format Version 12.00
# Visual Studio Version 16
VisualStudioVersion = 16.0.30204.135
MinimumVisualStudioVersion = 10.0.40219.1
Project("{FAE04EC0-301F-11D3-BF4B-00C04F79EFBC}") = "Activity4", "Activity4\Activity4.csproj", "{8ECFAC84-788A-4102-B567-48902257177C}"
EndProject
Global
	GlobalSection(SolutionConfigurationPlatforms) = preSolution
		Debug|Any CPU = Debug|Any CPU
		Release|Any CPU = Release|Any CPU
	EndGlobalSection
	GlobalSection(ProjectConfigurationPlatforms) = postSolution
		{8ECFAC84-788A-4102-B567-48902257177C}.Debug|Any CPU.ActiveCfg = Debug|Any CPU
		{8ECFAC84-788A-4102-B567-48902257177C}.Debug|Any CPU.Build.0 = Debug|Any CPU
		{8ECFAC84-788A-4102-B567-48902257177C}.Release|Any CPU.ActiveCfg = Release|Any CPU
		{8ECFAC84-788A-4102-B567-48902257177C}.Release|Any CPU.Build.0 = Release|Any CPU
	EndGlobalSection
	GlobalSection(SolutionProperties) = preSolution
		HideSolutionNode = FALSE
	EndGlobalSection
	GlobalSection(ExtensibilityGlobals) = postSolution
		SolutionGuid = {5F0B7EB7-79E5-4F9D-97B6-24B7A7417D20}
	EndGlobalSection
EndGlobal
